# This file is automatically @generated by Cargo.
# It is not intended for manual editing.
version = 3

[[package]]
name = "abi-gen"
version = "0.1.0"
dependencies = [
 "ink_lang 2.1.0",
 "safepkt_b7de9e5f7a",
 "serde",
 "serde_json",
]

[[package]]
name = "aho-corasick"
version = "0.7.18"
source = "registry+https://github.com/rust-lang/crates.io-index"
checksum = "1e37cfd5e7657ada45f742d6e99ca5788580b5c529dc78faf11ece6dc702656f"
dependencies = [
 "memchr",
]

[[package]]
name = "arrayvec"
version = "0.4.12"
source = "registry+https://github.com/rust-lang/crates.io-index"
checksum = "cd9fd44efafa8690358b7408d253adf110036b88f55672a933f01d616ad9b1b9"
dependencies = [
 "nodrop",
]

[[package]]
name = "arrayvec"
version = "0.5.2"
source = "registry+https://github.com/rust-lang/crates.io-index"
checksum = "23b62fc65de8e4e7f52534fb52b0f3ed04746ae267519eef2a83941e8085068b"

[[package]]
name = "autocfg"
version = "1.0.1"
source = "registry+https://github.com/rust-lang/crates.io-index"
checksum = "cdb031dd78e28731d87d56cc8ffef4a8f36ca26c38fe2de700543e627f8a464a"

[[package]]
name = "bitvec"
version = "0.17.4"
source = "registry+https://github.com/rust-lang/crates.io-index"
checksum = "41262f11d771fd4a61aa3ce019fca363b4b6c282fca9da2a31186d3965a47a5c"
dependencies = [
 "either",
 "radium",
]

[[package]]
name = "blake2-rfc"
version = "0.2.18"
source = "registry+https://github.com/rust-lang/crates.io-index"
checksum = "5d6d530bdd2d52966a6d03b7a964add7ae1a288d25214066fd4b600f0f796400"
dependencies = [
 "arrayvec 0.4.12",
 "constant_time_eq",
]

[[package]]
name = "block-buffer"
version = "0.7.3"
source = "registry+https://github.com/rust-lang/crates.io-index"
checksum = "c0940dc441f31689269e10ac70eb1002a3a1d3ad1390e030043662eb7fe4688b"
dependencies = [
 "block-padding",
 "byte-tools",
 "byteorder",
 "generic-array",
]

[[package]]
name = "block-padding"
version = "0.1.5"
source = "registry+https://github.com/rust-lang/crates.io-index"
checksum = "fa79dedbb091f449f1f39e53edf88d5dbe95f895dae6135a8d7b881fb5af73f5"
dependencies = [
 "byte-tools",
]

[[package]]
name = "byte-slice-cast"
version = "0.3.5"
source = "registry+https://github.com/rust-lang/crates.io-index"
checksum = "b0a5e3906bcbf133e33c1d4d95afc664ad37fbdb9f6568d8043e7ea8c27d93d3"

[[package]]
name = "byte-tools"
version = "0.3.1"
source = "registry+https://github.com/rust-lang/crates.io-index"
checksum = "e3b5ca7a04898ad4bcd41c90c5285445ff5b791899bb1b0abdd2a2aa791211d7"

[[package]]
name = "byteorder"
version = "1.4.3"
source = "registry+https://github.com/rust-lang/crates.io-index"
checksum = "14c189c53d098945499cdfa7ecc63567cf3886b3332b312a5b4585d8d3a6a610"

[[package]]
name = "cfg-if"
version = "0.1.10"
source = "registry+https://github.com/rust-lang/crates.io-index"
checksum = "4785bdd1c96b2a846b2bd7cc02e86b6b3dbf14e7e53446c4f54c92a361040822"

[[package]]
name = "cfg-if"
version = "1.0.0"
source = "registry+https://github.com/rust-lang/crates.io-index"
checksum = "baf1de4339761588bc0619e3cbc0120ee582ebb74b53b4efbf79117bd2da40fd"

[[package]]
name = "constant_time_eq"
version = "0.1.5"
source = "registry+https://github.com/rust-lang/crates.io-index"
checksum = "245097e9a4535ee1e3e3931fcfcd55a796a44c643e8596ff6566d68f09b87bbc"

[[package]]
name = "crunchy"
version = "0.2.2"
source = "registry+https://github.com/rust-lang/crates.io-index"
checksum = "7a81dae078cea95a014a339291cec439d2f232ebe854a9d672b796c6afafa9b7"

[[package]]
name = "derive_more"
version = "0.99.16"
source = "registry+https://github.com/rust-lang/crates.io-index"
checksum = "40eebddd2156ce1bb37b20bbe5151340a31828b1f2d22ba4141f3531710e38df"
dependencies = [
 "proc-macro2",
 "quote",
 "syn",
]

[[package]]
name = "digest"
version = "0.8.1"
source = "registry+https://github.com/rust-lang/crates.io-index"
checksum = "f3d0c8c8752312f9713efd397ff63acb9f85585afbf179282e720e7704954dd5"
dependencies = [
 "generic-array",
]

[[package]]
name = "either"
version = "1.6.1"
source = "registry+https://github.com/rust-lang/crates.io-index"
checksum = "e78d4f1cc4ae33bbfc157ed5d5a5ef3bc29227303d595861deb238fcec4e9457"

[[package]]
name = "fake-simd"
version = "0.1.2"
source = "registry+https://github.com/rust-lang/crates.io-index"
checksum = "e88a8acf291dafb59c2d96e8f59828f3838bb1a70398823ade51a84de6a6deed"

[[package]]
name = "generic-array"
version = "0.12.4"
source = "registry+https://github.com/rust-lang/crates.io-index"
checksum = "ffdf9f34f1447443d37393cc6c2b8313aebddcd96906caf34e54c68d8e57d7bd"
dependencies = [
 "typenum",
]

[[package]]
name = "getrandom"
version = "0.1.16"
source = "registry+https://github.com/rust-lang/crates.io-index"
checksum = "8fc3cb4d91f53b50155bdcfd23f6a4c39ae1969c2ae85982b135750cccaf5fce"
dependencies = [
 "cfg-if 1.0.0",
 "libc",
 "wasi",
]

[[package]]
name = "heck"
version = "0.3.3"
source = "registry+https://github.com/rust-lang/crates.io-index"
checksum = "6d621efb26863f0e9924c6ac577e8275e5e6b77455db64ffa6c65c904e9e132c"
dependencies = [
 "unicode-segmentation",
]

[[package]]
name = "ink_abi"
version = "2.1.0"
dependencies = [
 "derive_more",
 "ink_abi_derive 2.1.0",
 "ink_prelude 2.1.0",
 "ink_primitives 2.1.0",
 "serde",
 "type-metadata",
]

[[package]]
name = "ink_abi"
version = "2.1.0"
source = "git+https://github.com/LedgerProject/safepkt-ink?rev=2137ed9d87aa420da8895f241c2f8bef6385849d#2137ed9d87aa420da8895f241c2f8bef6385849d"
dependencies = [
 "derive_more",
 "ink_abi_derive 2.1.0 (git+https://github.com/LedgerProject/safepkt-ink?rev=2137ed9d87aa420da8895f241c2f8bef6385849d)",
 "ink_prelude 2.1.0 (git+https://github.com/LedgerProject/safepkt-ink?rev=2137ed9d87aa420da8895f241c2f8bef6385849d)",
 "ink_primitives 2.1.0 (git+https://github.com/LedgerProject/safepkt-ink?rev=2137ed9d87aa420da8895f241c2f8bef6385849d)",
 "serde",
 "type-metadata",
]

[[package]]
name = "ink_abi_derive"
version = "2.1.0"
dependencies = [
 "proc-macro2",
 "quote",
 "syn",
]

[[package]]
name = "ink_abi_derive"
version = "2.1.0"
source = "git+https://github.com/LedgerProject/safepkt-ink?rev=2137ed9d87aa420da8895f241c2f8bef6385849d#2137ed9d87aa420da8895f241c2f8bef6385849d"
dependencies = [
 "proc-macro2",
 "quote",
 "syn",
]

[[package]]
name = "ink_alloc"
version = "2.1.0"
dependencies = [
 "wee_alloc",
]

[[package]]
name = "ink_alloc"
version = "2.1.0"
source = "git+https://github.com/LedgerProject/safepkt-ink?rev=2137ed9d87aa420da8895f241c2f8bef6385849d#2137ed9d87aa420da8895f241c2f8bef6385849d"
dependencies = [
 "wee_alloc",
]

[[package]]
name = "ink_core"
version = "2.1.0"
dependencies = [
 "blake2-rfc",
 "byteorder",
 "cfg-if 0.1.10",
 "derive_more",
 "ink_abi 2.1.0",
 "ink_alloc 2.1.0",
 "ink_core_derive 2.1.0",
 "ink_prelude 2.1.0",
 "ink_primitives 2.1.0",
 "num-traits",
 "parity-scale-codec",
 "paste",
 "rand",
 "sha2",
 "smallvec",
 "tiny-keccak",
 "type-metadata",
]

[[package]]
name = "ink_core"
version = "2.1.0"
source = "git+https://github.com/LedgerProject/safepkt-ink?rev=2137ed9d87aa420da8895f241c2f8bef6385849d#2137ed9d87aa420da8895f241c2f8bef6385849d"
dependencies = [
 "blake2-rfc",
 "byteorder",
 "cfg-if 0.1.10",
 "derive_more",
 "ink_abi 2.1.0 (git+https://github.com/LedgerProject/safepkt-ink?rev=2137ed9d87aa420da8895f241c2f8bef6385849d)",
 "ink_alloc 2.1.0 (git+https://github.com/LedgerProject/safepkt-ink?rev=2137ed9d87aa420da8895f241c2f8bef6385849d)",
 "ink_core_derive 2.1.0 (git+https://github.com/LedgerProject/safepkt-ink?rev=2137ed9d87aa420da8895f241c2f8bef6385849d)",
 "ink_prelude 2.1.0 (git+https://github.com/LedgerProject/safepkt-ink?rev=2137ed9d87aa420da8895f241c2f8bef6385849d)",
 "ink_primitives 2.1.0 (git+https://github.com/LedgerProject/safepkt-ink?rev=2137ed9d87aa420da8895f241c2f8bef6385849d)",
 "num-traits",
 "parity-scale-codec",
 "paste",
 "rand",
 "sha2",
 "smallvec",
 "tiny-keccak",
 "type-metadata",
]

[[package]]
name = "ink_core_derive"
version = "2.1.0"
dependencies = [
 "ink_primitives 2.1.0",
 "proc-macro2",
 "quote",
 "syn",
 "synstructure",
]

[[package]]
name = "ink_core_derive"
version = "2.1.0"
source = "git+https://github.com/LedgerProject/safepkt-ink?rev=2137ed9d87aa420da8895f241c2f8bef6385849d#2137ed9d87aa420da8895f241c2f8bef6385849d"
dependencies = [
 "ink_primitives 2.1.0 (git+https://github.com/LedgerProject/safepkt-ink?rev=2137ed9d87aa420da8895f241c2f8bef6385849d)",
 "proc-macro2",
 "quote",
 "syn",
 "synstructure",
]

[[package]]
name = "ink_lang"
version = "2.1.0"
dependencies = [
 "derive_more",
 "ink_abi 2.1.0",
 "ink_core 2.1.0",
 "ink_lang_macro 2.1.0",
 "ink_prelude 2.1.0",
 "ink_primitives 2.1.0",
 "parity-scale-codec",
]

[[package]]
name = "ink_lang"
version = "2.1.0"
source = "git+https://github.com/LedgerProject/safepkt-ink?rev=2137ed9d87aa420da8895f241c2f8bef6385849d#2137ed9d87aa420da8895f241c2f8bef6385849d"
dependencies = [
 "derive_more",
 "ink_abi 2.1.0 (git+https://github.com/LedgerProject/safepkt-ink?rev=2137ed9d87aa420da8895f241c2f8bef6385849d)",
 "ink_core 2.1.0 (git+https://github.com/LedgerProject/safepkt-ink?rev=2137ed9d87aa420da8895f241c2f8bef6385849d)",
 "ink_lang_macro 2.1.0 (git+https://github.com/LedgerProject/safepkt-ink?rev=2137ed9d87aa420da8895f241c2f8bef6385849d)",
 "ink_prelude 2.1.0 (git+https://github.com/LedgerProject/safepkt-ink?rev=2137ed9d87aa420da8895f241c2f8bef6385849d)",
 "ink_primitives 2.1.0 (git+https://github.com/LedgerProject/safepkt-ink?rev=2137ed9d87aa420da8895f241c2f8bef6385849d)",
 "parity-scale-codec",
]

[[package]]
name = "ink_lang_macro"
version = "2.1.0"
dependencies = [
 "derive_more",
 "either",
 "heck",
 "ink_primitives 2.1.0",
 "itertools",
 "parity-scale-codec",
 "proc-macro2",
 "quote",
 "regex",
 "serde",
 "serde_json",
 "syn",
 "type-metadata",
]

[[package]]
name = "ink_lang_macro"
version = "2.1.0"
source = "git+https://github.com/LedgerProject/safepkt-ink?rev=2137ed9d87aa420da8895f241c2f8bef6385849d#2137ed9d87aa420da8895f241c2f8bef6385849d"
dependencies = [
 "derive_more",
 "either",
 "heck",
 "ink_primitives 2.1.0 (git+https://github.com/LedgerProject/safepkt-ink?rev=2137ed9d87aa420da8895f241c2f8bef6385849d)",
 "itertools",
 "parity-scale-codec",
 "proc-macro2",
 "quote",
 "regex",
 "serde",
 "serde_json",
 "syn",
 "type-metadata",
]

[[package]]
name = "ink_prelude"
version = "2.1.0"
dependencies = [
 "cfg-if 0.1.10",
]

[[package]]
name = "ink_prelude"
version = "2.1.0"
source = "git+https://github.com/LedgerProject/safepkt-ink?rev=2137ed9d87aa420da8895f241c2f8bef6385849d#2137ed9d87aa420da8895f241c2f8bef6385849d"
dependencies = [
 "cfg-if 0.1.10",
]

[[package]]
name = "ink_primitives"
version = "2.1.0"
dependencies = [
 "ink_prelude 2.1.0",
 "parity-scale-codec",
 "tiny-keccak",
 "type-metadata",
]

[[package]]
name = "ink_primitives"
version = "2.1.0"
source = "git+https://github.com/LedgerProject/safepkt-ink?rev=2137ed9d87aa420da8895f241c2f8bef6385849d#2137ed9d87aa420da8895f241c2f8bef6385849d"
dependencies = [
 "ink_prelude 2.1.0 (git+https://github.com/LedgerProject/safepkt-ink?rev=2137ed9d87aa420da8895f241c2f8bef6385849d)",
 "parity-scale-codec",
 "tiny-keccak",
 "type-metadata",
]

[[package]]
name = "itertools"
version = "0.9.0"
source = "registry+https://github.com/rust-lang/crates.io-index"
checksum = "284f18f85651fe11e8a991b2adb42cb078325c996ed026d994719efcfca1d54b"
dependencies = [
 "either",
]

[[package]]
name = "itoa"
version = "0.4.8"
source = "registry+https://github.com/rust-lang/crates.io-index"
checksum = "b71991ff56294aa922b450139ee08b3bfc70982c6b2c7562771375cf73542dd4"

[[package]]
name = "libc"
version = "0.2.105"
source = "registry+https://github.com/rust-lang/crates.io-index"
checksum = "869d572136620d55835903746bcb5cdc54cb2851fd0aeec53220b4bb65ef3013"

[[package]]
name = "memchr"
version = "2.4.1"
source = "registry+https://github.com/rust-lang/crates.io-index"
checksum = "308cc39be01b73d0d18f82a0e7b2a3df85245f84af96fdddc5d202d27e47b86a"

[[package]]
name = "memory_units"
version = "0.4.0"
source = "registry+https://github.com/rust-lang/crates.io-index"
checksum = "8452105ba047068f40ff7093dd1d9da90898e63dd61736462e9cdda6a90ad3c3"

[[package]]
name = "nodrop"
version = "0.1.14"
source = "registry+https://github.com/rust-lang/crates.io-index"
checksum = "72ef4a56884ca558e5ddb05a1d1e7e1bfd9a68d9ed024c21704cc98872dae1bb"

[[package]]
name = "num-traits"
version = "0.2.14"
source = "registry+https://github.com/rust-lang/crates.io-index"
checksum = "9a64b1ec5cda2586e284722486d802acf1f7dbdc623e2bfc57e65ca1cd099290"
dependencies = [
 "autocfg",
]

[[package]]
name = "opaque-debug"
version = "0.2.3"
source = "registry+https://github.com/rust-lang/crates.io-index"
checksum = "2839e79665f131bdb5782e51f2c6c9599c133c6098982a54c794358bf432529c"

[[package]]
name = "parity-scale-codec"
version = "1.3.7"
source = "registry+https://github.com/rust-lang/crates.io-index"
checksum = "a4b26b16c7687c3075982af47719e481815df30bc544f7a6690763a25ca16e9d"
dependencies = [
 "arrayvec 0.5.2",
 "bitvec",
 "byte-slice-cast",
 "parity-scale-codec-derive",
 "serde",
]

[[package]]
name = "parity-scale-codec-derive"
version = "1.2.3"
source = "registry+https://github.com/rust-lang/crates.io-index"
checksum = "c41512944b1faff334a5f1b9447611bf4ef40638ccb6328173dacefb338e878c"
dependencies = [
 "proc-macro-crate",
 "proc-macro2",
 "quote",
 "syn",
]

[[package]]
name = "paste"
version = "0.1.18"
source = "registry+https://github.com/rust-lang/crates.io-index"
checksum = "45ca20c77d80be666aef2b45486da86238fabe33e38306bd3118fe4af33fa880"
dependencies = [
 "paste-impl",
 "proc-macro-hack",
]

[[package]]
name = "paste-impl"
version = "0.1.18"
source = "registry+https://github.com/rust-lang/crates.io-index"
checksum = "d95a7db200b97ef370c8e6de0088252f7e0dfff7d047a28528e47456c0fc98b6"
dependencies = [
 "proc-macro-hack",
]

[[package]]
name = "ppv-lite86"
version = "0.2.15"
source = "registry+https://github.com/rust-lang/crates.io-index"
checksum = "ed0cfbc8191465bed66e1718596ee0b0b35d5ee1f41c5df2189d0fe8bde535ba"

[[package]]
name = "proc-macro-crate"
version = "0.1.5"
source = "registry+https://github.com/rust-lang/crates.io-index"
checksum = "1d6ea3c4595b96363c13943497db34af4460fb474a95c43f4446ad341b8c9785"
dependencies = [
 "toml",
]

[[package]]
name = "proc-macro-hack"
version = "0.5.19"
source = "registry+https://github.com/rust-lang/crates.io-index"
checksum = "dbf0c48bc1d91375ae5c3cd81e3722dff1abcf81a30960240640d223f59fe0e5"

[[package]]
name = "proc-macro2"
version = "1.0.30"
source = "registry+https://github.com/rust-lang/crates.io-index"
checksum = "edc3358ebc67bc8b7fa0c007f945b0b18226f78437d61bec735a9eb96b61ee70"
dependencies = [
 "unicode-xid",
]

[[package]]
name = "quote"
version = "1.0.10"
source = "registry+https://github.com/rust-lang/crates.io-index"
checksum = "38bc8cc6a5f2e3655e0899c1b848643b2562f853f114bfec7be120678e3ace05"
dependencies = [
 "proc-macro2",
]

[[package]]
name = "radium"
version = "0.3.0"
source = "registry+https://github.com/rust-lang/crates.io-index"
checksum = "def50a86306165861203e7f84ecffbbdfdea79f0e51039b33de1e952358c47ac"

[[package]]
name = "rand"
version = "0.7.3"
source = "registry+https://github.com/rust-lang/crates.io-index"
checksum = "6a6b1679d49b24bbfe0c803429aa1874472f50d9b363131f0e89fc356b544d03"
dependencies = [
 "getrandom",
 "libc",
 "rand_chacha",
 "rand_core",
 "rand_hc",
]

[[package]]
name = "rand_chacha"
version = "0.2.2"
source = "registry+https://github.com/rust-lang/crates.io-index"
checksum = "f4c8ed856279c9737206bf725bf36935d8666ead7aa69b52be55af369d193402"
dependencies = [
 "ppv-lite86",
 "rand_core",
]

[[package]]
name = "rand_core"
version = "0.5.1"
source = "registry+https://github.com/rust-lang/crates.io-index"
checksum = "90bde5296fc891b0cef12a6d03ddccc162ce7b2aff54160af9338f8d40df6d19"
dependencies = [
 "getrandom",
]

[[package]]
name = "rand_hc"
version = "0.2.0"
source = "registry+https://github.com/rust-lang/crates.io-index"
checksum = "ca3129af7b92a17112d59ad498c6f81eaf463253766b90396d39ea7a39d6613c"
dependencies = [
 "rand_core",
]

[[package]]
name = "regex"
version = "1.5.4"
source = "registry+https://github.com/rust-lang/crates.io-index"
checksum = "d07a8629359eb56f1e2fb1652bb04212c072a87ba68546a04065d525673ac461"
dependencies = [
 "aho-corasick",
 "memchr",
 "regex-syntax",
]

[[package]]
name = "regex-syntax"
version = "0.6.25"
source = "registry+https://github.com/rust-lang/crates.io-index"
checksum = "f497285884f3fcff424ffc933e56d7cbca511def0c9831a7f9b5f6153e3cc89b"

[[package]]
name = "ryu"
version = "1.0.5"
source = "registry+https://github.com/rust-lang/crates.io-index"
checksum = "71d301d4193d031abdd79ff7e3dd721168a9572ef3fe51a1517aba235bd8f86e"

[[package]]
name = "safepkt_assert"
version = "0.1.0"
source = "git+https://github.com/LedgerProject/safepkt_assert?rev=ddd0f25f291244508b5e32a16c811e1bcda1920b#ddd0f25f291244508b5e32a16c811e1bcda1920b"
dependencies = [
 "verification-annotations",
]

[[package]]
name = "safepkt_b7de9e5f7a"
version = "0.1.0"
dependencies = [
 "ink_abi 2.1.0 (git+https://github.com/LedgerProject/safepkt-ink?rev=2137ed9d87aa420da8895f241c2f8bef6385849d)",
 "ink_core 2.1.0 (git+https://github.com/LedgerProject/safepkt-ink?rev=2137ed9d87aa420da8895f241c2f8bef6385849d)",
 "ink_lang 2.1.0 (git+https://github.com/LedgerProject/safepkt-ink?rev=2137ed9d87aa420da8895f241c2f8bef6385849d)",
 "ink_prelude 2.1.0 (git+https://github.com/LedgerProject/safepkt-ink?rev=2137ed9d87aa420da8895f241c2f8bef6385849d)",
 "ink_primitives 2.1.0 (git+https://github.com/LedgerProject/safepkt-ink?rev=2137ed9d87aa420da8895f241c2f8bef6385849d)",
 "parity-scale-codec",
 "safepkt_assert",
 "type-metadata",
 "verification-annotations",
]

[[package]]
name = "serde"
version = "1.0.130"
source = "registry+https://github.com/rust-lang/crates.io-index"
checksum = "f12d06de37cf59146fbdecab66aa99f9fe4f78722e3607577a5375d66bd0c913"
dependencies = [
 "serde_derive",
]

[[package]]
name = "serde_derive"
version = "1.0.130"
source = "registry+https://github.com/rust-lang/crates.io-index"
checksum = "d7bc1a1ab1961464eae040d96713baa5a724a8152c1222492465b54322ec508b"
dependencies = [
 "proc-macro2",
 "quote",
 "syn",
]

[[package]]
name = "serde_json"
version = "1.0.68"
source = "registry+https://github.com/rust-lang/crates.io-index"
checksum = "0f690853975602e1bfe1ccbf50504d67174e3bcf340f23b5ea9992e0587a52d8"
dependencies = [
 "itoa",
 "ryu",
 "serde",
]

[[package]]
name = "sha2"
version = "0.8.2"
source = "registry+https://github.com/rust-lang/crates.io-index"
checksum = "a256f46ea78a0c0d9ff00077504903ac881a1dafdc20da66545699e7776b3e69"
dependencies = [
 "block-buffer",
 "digest",
 "fake-simd",
 "opaque-debug",
]

[[package]]
name = "smallvec"
version = "1.7.0"
source = "registry+https://github.com/rust-lang/crates.io-index"
checksum = "1ecab6c735a6bb4139c0caafd0cc3635748bbb3acf4550e8138122099251f309"

[[package]]
name = "syn"
version = "1.0.80"
source = "registry+https://github.com/rust-lang/crates.io-index"
checksum = "d010a1623fbd906d51d650a9916aaefc05ffa0e4053ff7fe601167f3e715d194"
dependencies = [
 "proc-macro2",
 "quote",
 "unicode-xid",
]

[[package]]
name = "synstructure"
version = "0.12.6"
source = "registry+https://github.com/rust-lang/crates.io-index"
checksum = "f36bdaa60a83aca3921b5259d5400cbf5e90fc51931376a9bd4a0eb79aa7210f"
dependencies = [
 "proc-macro2",
 "quote",
 "syn",
 "unicode-xid",
]

[[package]]
name = "tiny-keccak"
version = "2.0.2"
source = "registry+https://github.com/rust-lang/crates.io-index"
checksum = "2c9d3793400a45f954c52e73d068316d76b6f4e36977e3fcebb13a2721e80237"
dependencies = [
 "crunchy",
]

[[package]]
name = "toml"
version = "0.5.8"
source = "registry+https://github.com/rust-lang/crates.io-index"
checksum = "a31142970826733df8241ef35dc040ef98c679ab14d7c3e54d827099b3acecaa"
dependencies = [
 "serde",
]

[[package]]
name = "type-metadata"
version = "0.1.0"
source = "git+https://github.com/type-metadata/type-metadata.git?rev=02eae9f35c40c943b56af5b60616219f2b72b47d#02eae9f35c40c943b56af5b60616219f2b72b47d"
dependencies = [
 "derive_more",
 "serde",
 "type-metadata-derive",
]

[[package]]
name = "type-metadata-derive"
version = "0.1.0"
source = "git+https://github.com/type-metadata/type-metadata.git?rev=02eae9f35c40c943b56af5b60616219f2b72b47d#02eae9f35c40c943b56af5b60616219f2b72b47d"
dependencies = [
 "proc-macro2",
 "quote",
 "syn",
]

[[package]]
name = "typenum"
version = "1.14.0"
source = "registry+https://github.com/rust-lang/crates.io-index"
checksum = "b63708a265f51345575b27fe43f9500ad611579e764c79edbc2037b1121959ec"

[[package]]
name = "unicode-segmentation"
version = "1.8.0"
source = "registry+https://github.com/rust-lang/crates.io-index"
checksum = "8895849a949e7845e06bd6dc1aa51731a103c42707010a5b591c0038fb73385b"

[[package]]
name = "unicode-xid"
version = "0.2.2"
source = "registry+https://github.com/rust-lang/crates.io-index"
checksum = "8ccb82d61f80a663efe1f787a51b16b5a51e3314d6ac365b08639f52387b33f3"

[[package]]
name = "verification-annotations"
version = "0.1.0"
source = "git+https://github.com/thierrymarianne/contrib-rust-verification-tools.git?rev=e2f3c5c65a77#e2f3c5c65a7715b18eecb1fe6af64f71a30c0bb0"

[[package]]
name = "wasi"
version = "0.9.0+wasi-snapshot-preview1"
source = "registry+https://github.com/rust-lang/crates.io-index"
checksum = "cccddf32554fecc6acb585f82a32a72e28b48f8c4c1883ddfeeeaa96f7d8e519"

[[package]]
name = "wee_alloc"
version = "0.4.5"
source = "registry+https://github.com/rust-lang/crates.io-index"
checksum = "dbb3b5a6b2bb17cb6ad44a2e68a43e8d2722c997da10e928665c72ec6c0a0b8e"
dependencies = [
 "cfg-if 0.1.10",
 "libc",
 "memory_units",
 "winapi",
]

[[package]]
name = "winapi"
version = "0.3.9"
source = "registry+https://github.com/rust-lang/crates.io-index"
checksum = "5c839a674fcd7a98952e593242ea400abe93992746761e38641405d28b00f419"
dependencies = [
 "winapi-i686-pc-windows-gnu",
 "winapi-x86_64-pc-windows-gnu",
]

[[package]]
name = "winapi-i686-pc-windows-gnu"
version = "0.4.0"
source = "registry+https://github.com/rust-lang/crates.io-index"
checksum = "ac3b87c63620426dd9b991e5ce0329eff545bccbbb34f3be09ff6fb6ab51b7b6"

[[package]]
name = "winapi-x86_64-pc-windows-gnu"
version = "0.4.0"
source = "registry+https://github.com/rust-lang/crates.io-index"
checksum = "712e227841d057c1ee1cd2fb22fa7e5a5461ae8e48fa2ca79ec42cfc1931183f"
